{
  "name": "excelpreview",
  "version": "1.0.0",
  "lockfileVersion": 1,
  "requires": true,
  "dependencies": {
    "adler-32": {
      "version": "1.2.0",
      "resolved": "http://192.168.10.173:8081/repository/npm-group/adler-32/-/adler-32-1.2.0.tgz",
      "integrity": "sha1-aj5r8KY5ALoVZSgIyxXGgT0aXyU=",
      "requires": {
        "exit-on-epipe": "1.0.1",
        "printj": "1.1.2"
      }
    },
    "bootstrap": {
      "version": "3.4.0",
      "resolved": "http://192.168.10.173:8081/repository/npm-group/bootstrap/-/bootstrap-3.4.0.tgz",
      "integrity": "sha1-+Nd1QN0wYig9KudofiHB5pGWFkA="
    },
    "bootstrap-table": {
      "version": "1.13.1",
      "resolved": "http://192.168.10.173:8081/repository/npm-group/bootstrap-table/-/bootstrap-table-1.13.1.tgz",
      "integrity": "sha1-x19vBGYMeFdX7k/Z2oflS+Y9MLE="
    },
    "buffer-from": {
      "version": "1.1.1",
      "resolved": "http://192.168.10.173:8081/repository/npm-group/buffer-from/-/buffer-from-1.1.1.tgz",
      "integrity": "sha1-MnE7wCj3XAL9txDXx7zsHyxgcO8="
    },
    "cfb": {
      "version": "1.1.0",
      "resolved": "http://192.168.10.173:8081/repository/npm-group/cfb/-/cfb-1.1.0.tgz",
      "integrity": "sha1-RPsbMO7gFPpWM6DtXybIf9dleZo=",
      "requires": {
        "adler-32": "1.2.0",
        "commander": "2.17.1",
        "crc-32": "1.2.0",
        "printj": "1.1.2"
      }
    },
    "codepage": {
      "version": "1.14.0",
      "resolved": "http://192.168.10.173:8081/repository/npm-group/codepage/-/codepage-1.14.0.tgz",
      "integrity": "sha1-jL4lSBMjVZ19MHVxsP/5HnodL5k=",
      "requires": {
        "commander": "2.14.1",
        "exit-on-epipe": "1.0.1"
      },
      "dependencies": {
        "commander": {
          "version": "2.14.1",
          "resolved": "http://192.168.10.173:8081/repository/npm-group/commander/-/commander-2.14.1.tgz",
          "integrity": "sha1-IjUSPjevjKPGXfRbAm29NXsBuao="
        }
      }
    },
    "colors": {
      "version": "0.6.2",
      "resolved": "http://192.168.10.173:8081/repository/npm-group/colors/-/colors-0.6.2.tgz",
      "integrity": "sha1-JCP+ZnisDF2uiFLl0OW+CMmXq8w="
    },
    "commander": {
      "version": "2.17.1",
      "resolved": "http://192.168.10.173:8081/repository/npm-group/commander/-/commander-2.17.1.tgz",
      "integrity": "sha1-vXerfebelCBc6sxy8XFtKfIKd78="
    },
    "concat-stream": {
      "version": "2.0.0",
      "resolved": "http://192.168.10.173:8081/repository/npm-group/concat-stream/-/concat-stream-2.0.0.tgz",
      "integrity": "sha1-QUz1r3kKSMYKub5FJ9VtXkETPLE=",
      "requires": {
        "buffer-from": "1.1.1",
        "inherits": "2.0.3",
        "readable-stream": "3.1.1",
        "typedarray": "0.0.6"
      }
    },
    "crc-32": {
      "version": "1.2.0",
      "resolved": "http://192.168.10.173:8081/repository/npm-group/crc-32/-/crc-32-1.2.0.tgz",
      "integrity": "sha1-yy224puIUI4y2d0OwWk+e0Ghggg=",
      "requires": {
        "exit-on-epipe": "1.0.1",
        "printj": "1.1.2"
      }
    },
    "exit-on-epipe": {
      "version": "1.0.1",
      "resolved": "http://192.168.10.173:8081/repository/npm-group/exit-on-epipe/-/exit-on-epipe-1.0.1.tgz",
      "integrity": "sha1-C92S6H1ShdJn2qgXHQ6wYVlolpI="
    },
    "frac": {
      "version": "1.1.2",
      "resolved": "http://192.168.10.173:8081/repository/npm-group/frac/-/frac-1.1.2.tgz",
      "integrity": "sha1-PXT39keMiKG1AgMG10fcYxPHTQs="
    },
    "inherits": {
      "version": "2.0.3",
      "resolved": "http://192.168.10.173:8081/repository/npm-group/inherits/-/inherits-2.0.3.tgz",
      "integrity": "sha1-Yzwsg+PaQqUC9SRmAiSA9CCCYd4="
    },
    "jquery": {
      "version": "3.3.1",
      "resolved": "http://192.168.10.173:8081/repository/npm-group/jquery/-/jquery-3.3.1.tgz",
      "integrity": "sha1-lYzinoHJeQ8xvneS311NlfxX+8o="
    },
    "jszip": {
      "version": "2.4.0",
      "resolved": "http://192.168.10.173:8081/repository/npm-group/jszip/-/jszip-2.4.0.tgz",
      "integrity": "sha1-SHqTt2w7/6bLCFzWHrk06r4tKU8=",
      "requires": {
        "pako": "0.2.9"
      }
    },
    "pako": {
      "version": "0.2.9",
      "resolved": "http://192.168.10.173:8081/repository/npm-group/pako/-/pako-0.2.9.tgz",
      "integrity": "sha1-8/dSL073gjSNqBYbrZ7P1Rv4OnU="
    },
    "printj": {
      "version": "1.1.2",
      "resolved": "http://192.168.10.173:8081/repository/npm-group/printj/-/printj-1.1.2.tgz",
      "integrity": "sha1-2Q3rKXWoufYA+zoclOP0xTx4oiI="
    },
    "readable-stream": {
      "version": "3.1.1",
      "resolved": "http://192.168.10.173:8081/repository/npm-group/readable-stream/-/readable-stream-3.1.1.tgz",
      "integrity": "sha1-7Wu8bFuliwkAOf8YzmcFFXla6wY=",
      "requires": {
        "inherits": "2.0.3",
        "string_decoder": "1.2.0",
        "util-deprecate": "1.0.2"
      }
    },
    "safe-buffer": {
      "version": "5.1.2",
      "resolved": "http://192.168.10.173:8081/repository/npm-group/safe-buffer/-/safe-buffer-5.1.2.tgz",
      "integrity": "sha1-mR7GnSluAxN0fVm9/St0XDX4go0="
    },
    "ssf": {
      "version": "0.10.2",
      "resolved": "http://192.168.10.173:8081/repository/npm-group/ssf/-/ssf-0.10.2.tgz",
      "integrity": "sha1-ZbK0/N/ZZ7yOg4OkE0kAmJMRWXY=",
      "requires": {
        "frac": "1.1.2"
      }
    },
    "string_decoder": {
      "version": "1.2.0",
      "resolved": "http://192.168.10.173:8081/repository/npm-group/string_decoder/-/string_decoder-1.2.0.tgz",
      "integrity": "sha1-/obnOLGVRK/nBGkkOyoe6SQOro0=",
      "requires": {
        "safe-buffer": "5.1.2"
      }
    },
    "typedarray": {
      "version": "0.0.6",
      "resolved": "http://192.168.10.173:8081/repository/npm-group/typedarray/-/typedarray-0.0.6.tgz",
      "integrity": "sha1-hnrHTjhkGHsdPUfZlqeOxciDB3c="
    },
    "util-deprecate": {
      "version": "1.0.2",
      "resolved": "http://192.168.10.173:8081/repository/npm-group/util-deprecate/-/util-deprecate-1.0.2.tgz",
      "integrity": "sha1-RQ1Nyfpw3nMnYvvS1KKJgUGaDM8="
    },
    "voc": {
      "version": "1.1.0",
      "resolved": "http://192.168.10.173:8081/repository/npm-group/voc/-/voc-1.1.0.tgz",
      "integrity": "sha1-0aCK7/ZmRr8XzbouR8k1p6mwIYs="
    },
    "xlsx": {
      "version": "0.14.1",
      "resolved": "http://192.168.10.173:8081/repository/npm-group/xlsx/-/xlsx-0.14.1.tgz",
      "integrity": "sha1-7O31Nr0elAVUhv9IT1iI3KqJvT0=",
      "requires": {
        "adler-32": "1.2.0",
        "cfb": "1.1.0",
        "codepage": "1.14.0",
        "commander": "2.17.1",
        "crc-32": "1.2.0",
        "exit-on-epipe": "1.0.1",
        "ssf": "0.10.2"
      }
    },
    "xlsx-style": {
      "version": "0.8.13",
      "resolved": "http://192.168.10.173:8081/repository/npm-group/xlsx-style/-/xlsx-style-0.8.13.tgz",
      "integrity": "sha1-7SONa4wFYvlEfCkGq73tLTOeBIY=",
      "requires": {
        "adler-32": "1.2.0",
        "cfb": "1.1.0",
        "codepage": "1.3.8",
        "commander": "2.19.0",
        "crc-32": "1.2.0",
        "jszip": "2.4.0",
        "ssf": "0.8.2"
      },
      "dependencies": {
        "adler-32": {
          "version": "1.2.0",
          "resolved": "http://192.168.10.173:8081/repository/npm-group/adler-32/-/adler-32-1.2.0.tgz",
          "integrity": "sha1-aj5r8KY5ALoVZSgIyxXGgT0aXyU=",
          "requires": {
            "exit-on-epipe": "1.0.1",
            "printj": "1.1.2"
          }
        },
        "codepage": {
          "version": "1.3.8",
          "resolved": "http://192.168.10.173:8081/repository/npm-group/codepage/-/codepage-1.3.8.tgz",
          "integrity": "sha1-Ty5dfAl13ij4hJgFjcta/KtqX3E=",
          "requires": {
            "commander": "2.19.0",
            "concat-stream": "2.0.0",
            "voc": "1.1.0"
          }
        },
        "commander": {
          "version": "2.19.0",
          "resolved": "http://192.168.10.173:8081/repository/npm-group/commander/-/commander-2.19.0.tgz",
          "integrity": "sha1-9hmKqE5bg8RgVLlN3tv+1e6f8So="
        },
        "crc-32": {
          "version": "1.2.0",
          "resolved": "http://192.168.10.173:8081/repository/npm-group/crc-32/-/crc-32-1.2.0.tgz",
          "integrity": "sha1-yy224puIUI4y2d0OwWk+e0Ghggg=",
          "requires": {
            "exit-on-epipe": "1.0.1",
            "printj": "1.1.2"
          }
        },
        "frac": {
          "version": "0.3.1",
          "resolved": "http://192.168.10.173:8081/repository/npm-group/frac/-/frac-0.3.1.tgz",
          "integrity": "sha1-V3Z3t/3L5vr3xGHxgB00E3zaQ1Q="
        },
        "ssf": {
          "version": "0.8.2",
          "resolved": "http://192.168.10.173:8081/repository/npm-group/ssf/-/ssf-0.8.2.tgz",
          "integrity": "sha1-udTcahwbz3b4q/qW19dlb7Kr7NY=",
          "requires": {
            "colors": "0.6.2",
            "frac": "0.3.1",
            "voc": "1.1.0"
          }
        }
      }
    }
  }
}
